Microsoft Visual Studio Solution File, Format Version 12.00
# Visual Studio 2013
Project("{8BC9CEB8-8B4A-11D0-8D11-00A0C91BC942}") = "ALL_BUILD", "ALL_BUILD.vcxproj", "{6EE84517-4E5A-3040-B50F-EB78203A9C8D}"
	ProjectSection(ProjectDependencies) = postProject
		{D0B33607-CF43-337A-B71C-5DD5407B119A} = {D0B33607-CF43-337A-B71C-5DD5407B119A}
		{02D4C80C-A391-3629-9832-43380F8D778E} = {02D4C80C-A391-3629-9832-43380F8D778E}
		{04C1BA01-FA32-3972-9F40-54CBF4BE27D0} = {04C1BA01-FA32-3972-9F40-54CBF4BE27D0}
		{8C48A40E-E8B3-3C18-891A-9EBDE099A004} = {8C48A40E-E8B3-3C18-891A-9EBDE099A004}
		{7B141D75-B4C2-3EB0-9A1E-82ACF937F490} = {7B141D75-B4C2-3EB0-9A1E-82ACF937F490}
		{59A1A109-2553-399E-92BB-45BD5673E52F} = {59A1A109-2553-399E-92BB-45BD5673E52F}
		{F710BBA4-1A74-3180-A6A2-1ECEA09CF4C8} = {F710BBA4-1A74-3180-A6A2-1ECEA09CF4C8}
		{BF23EC45-1E24-3AF5-B1D1-8C4B594BB0C2} = {BF23EC45-1E24-3AF5-B1D1-8C4B594BB0C2}
		{545CE322-B34B-3CEA-ADD7-F15E4BA07112} = {545CE322-B34B-3CEA-ADD7-F15E4BA07112}
		{EE93F170-792D-3D69-ADAD-DAE8C1EDEF46} = {EE93F170-792D-3D69-ADAD-DAE8C1EDEF46}
		{0300CED4-57DD-325D-85EE-72A6AE376805} = {0300CED4-57DD-325D-85EE-72A6AE376805}
		{CE2B813B-D4B6-3304-BB15-25FD68F18163} = {CE2B813B-D4B6-3304-BB15-25FD68F18163}
		{5B0EA6AE-32FE-3323-8AD6-AD62F9BE41DC} = {5B0EA6AE-32FE-3323-8AD6-AD62F9BE41DC}
		{DD7D1CB3-711A-3FB5-AD27-611E1C80FFAD} = {DD7D1CB3-711A-3FB5-AD27-611E1C80FFAD}
		{B544F89C-E3A7-3FC2-BA41-DC0D7AFC6C24} = {B544F89C-E3A7-3FC2-BA41-DC0D7AFC6C24}
		{053BF68C-1395-37CC-BA2E-155DF8169FB0} = {053BF68C-1395-37CC-BA2E-155DF8169FB0}
		{FB957589-34F6-3DFE-AEBD-722C202DB813} = {FB957589-34F6-3DFE-AEBD-722C202DB813}
		{B5F5489C-4408-3A74-90C4-02A89D4FC047} = {B5F5489C-4408-3A74-90C4-02A89D4FC047}
		{B24B9C09-1303-3CD1-8F18-DF765DC34081} = {B24B9C09-1303-3CD1-8F18-DF765DC34081}
		{E80528E8-8CA5-3F0E-8E5F-B98B435DDE3C} = {E80528E8-8CA5-3F0E-8E5F-B98B435DDE3C}
		{E151C840-4E42-3C9F-8AE7-A3F7FD3D4C04} = {E151C840-4E42-3C9F-8AE7-A3F7FD3D4C04}
		{D36DC016-FF86-3594-A719-C322A6883C26} = {D36DC016-FF86-3594-A719-C322A6883C26}
		{084AF45B-B429-3F3D-8E00-7B281A2603B0} = {084AF45B-B429-3F3D-8E00-7B281A2603B0}
		{27DFB8F6-C547-3B42-A052-525D817CA5D6} = {27DFB8F6-C547-3B42-A052-525D817CA5D6}
		{0A6A53BF-9BAA-39F9-9742-6BD0A078A008} = {0A6A53BF-9BAA-39F9-9742-6BD0A078A008}
		{BDE64BB1-C3D2-3ACD-BF56-809D6B277889} = {BDE64BB1-C3D2-3ACD-BF56-809D6B277889}
		{36F65938-F99B-37C8-AADA-7D6BAF4C6CB2} = {36F65938-F99B-37C8-AADA-7D6BAF4C6CB2}
		{D6D7742D-9F31-3044-A776-D1DC021878C4} = {D6D7742D-9F31-3044-A776-D1DC021878C4}
		{B543EA0C-BA9D-3899-90C8-C835C899DCB7} = {B543EA0C-BA9D-3899-90C8-C835C899DCB7}
		{743F28BB-D0CA-3A41-AC06-3192D8BA7CA7} = {743F28BB-D0CA-3A41-AC06-3192D8BA7CA7}
		{FF638699-CF0C-3E00-A7AE-BE36F064CD4C} = {FF638699-CF0C-3E00-A7AE-BE36F064CD4C}
		{8A9369E3-3779-3546-8EFC-BFE4DD700606} = {8A9369E3-3779-3546-8EFC-BFE4DD700606}
		{DBDBACE4-BAAC-3DDF-9B7B-EF783201DEBD} = {DBDBACE4-BAAC-3DDF-9B7B-EF783201DEBD}
		{9BA66E6A-DD2A-3A4D-9C8C-E49A5C67C530} = {9BA66E6A-DD2A-3A4D-9C8C-E49A5C67C530}
		{556C9E5A-ED13-3402-817A-D208D255489A} = {556C9E5A-ED13-3402-817A-D208D255489A}
		{5406470A-F566-3A20-A44E-1BC36E15C8EF} = {5406470A-F566-3A20-A44E-1BC36E15C8EF}
		{5C5DEDF3-CDE1-3386-B3BF-BC989321FE0A} = {5C5DEDF3-CDE1-3386-B3BF-BC989321FE0A}
		{5E79012D-9071-3610-B3EB-29E7FE00DCAB} = {5E79012D-9071-3610-B3EB-29E7FE00DCAB}
		{63A826FD-A873-3879-9794-36DB335D8605} = {63A826FD-A873-3879-9794-36DB335D8605}
	EndProjectSection
EndProject
Project("{8BC9CEB8-8B4A-11D0-8D11-00A0C91BC942}") = "INSTALL", "INSTALL.vcxproj", "{A6DA01E1-62E0-35A7-8515-088B173D4E93}"
	ProjectSection(ProjectDependencies) = postProject
		{6EE84517-4E5A-3040-B50F-EB78203A9C8D} = {6EE84517-4E5A-3040-B50F-EB78203A9C8D}
	EndProjectSection
EndProject
Project("{8BC9CEB8-8B4A-11D0-8D11-00A0C91BC942}") = "RUN_TESTS", "RUN_TESTS.vcxproj", "{AEBB5F22-D2BB-3597-AA74-43AFF04B5594}"
	ProjectSection(ProjectDependencies) = postProject
	EndProjectSection
EndProject
Project("{8BC9CEB8-8B4A-11D0-8D11-00A0C91BC942}") = "ZERO_CHECK", "ZERO_CHECK.vcxproj", "{D0B33607-CF43-337A-B71C-5DD5407B119A}"
	ProjectSection(ProjectDependencies) = postProject
	EndProjectSection
EndProject
Project("{8BC9CEB8-8B4A-11D0-8D11-00A0C91BC942}") = "addtiffo", "contrib\addtiffo\addtiffo.vcxproj", "{02D4C80C-A391-3629-9832-43380F8D778E}"
	ProjectSection(ProjectDependencies) = postProject
		{D0B33607-CF43-337A-B71C-5DD5407B119A} = {D0B33607-CF43-337A-B71C-5DD5407B119A}
		{CE2B813B-D4B6-3304-BB15-25FD68F18163} = {CE2B813B-D4B6-3304-BB15-25FD68F18163}
		{E151C840-4E42-3C9F-8AE7-A3F7FD3D4C04} = {E151C840-4E42-3C9F-8AE7-A3F7FD3D4C04}
	EndProjectSection
EndProject
Project("{8BC9CEB8-8B4A-11D0-8D11-00A0C91BC942}") = "ascii_tag", "test\ascii_tag.vcxproj", "{04C1BA01-FA32-3972-9F40-54CBF4BE27D0}"
	ProjectSection(ProjectDependencies) = postProject
		{D0B33607-CF43-337A-B71C-5DD5407B119A} = {D0B33607-CF43-337A-B71C-5DD5407B119A}
		{CE2B813B-D4B6-3304-BB15-25FD68F18163} = {CE2B813B-D4B6-3304-BB15-25FD68F18163}
		{E151C840-4E42-3C9F-8AE7-A3F7FD3D4C04} = {E151C840-4E42-3C9F-8AE7-A3F7FD3D4C04}
	EndProjectSection
EndProject
Project("{8BC9CEB8-8B4A-11D0-8D11-00A0C91BC942}") = "bmp2tiff", "tools\bmp2tiff.vcxproj", "{8C48A40E-E8B3-3C18-891A-9EBDE099A004}"
	ProjectSection(ProjectDependencies) = postProject
		{D0B33607-CF43-337A-B71C-5DD5407B119A} = {D0B33607-CF43-337A-B71C-5DD5407B119A}
		{CE2B813B-D4B6-3304-BB15-25FD68F18163} = {CE2B813B-D4B6-3304-BB15-25FD68F18163}
		{E151C840-4E42-3C9F-8AE7-A3F7FD3D4C04} = {E151C840-4E42-3C9F-8AE7-A3F7FD3D4C04}
	EndProjectSection
EndProject
Project("{8BC9CEB8-8B4A-11D0-8D11-00A0C91BC942}") = "custom_dir", "test\custom_dir.vcxproj", "{7B141D75-B4C2-3EB0-9A1E-82ACF937F490}"
	ProjectSection(ProjectDependencies) = postProject
		{D0B33607-CF43-337A-B71C-5DD5407B119A} = {D0B33607-CF43-337A-B71C-5DD5407B119A}
		{CE2B813B-D4B6-3304-BB15-25FD68F18163} = {CE2B813B-D4B6-3304-BB15-25FD68F18163}
		{E151C840-4E42-3C9F-8AE7-A3F7FD3D4C04} = {E151C840-4E42-3C9F-8AE7-A3F7FD3D4C04}
	EndProjectSection
EndProject
Project("{8BC9CEB8-8B4A-11D0-8D11-00A0C91BC942}") = "fax2ps", "tools\fax2ps.vcxproj", "{59A1A109-2553-399E-92BB-45BD5673E52F}"
	ProjectSection(ProjectDependencies) = postProject
		{D0B33607-CF43-337A-B71C-5DD5407B119A} = {D0B33607-CF43-337A-B71C-5DD5407B119A}
		{CE2B813B-D4B6-3304-BB15-25FD68F18163} = {CE2B813B-D4B6-3304-BB15-25FD68F18163}
		{E151C840-4E42-3C9F-8AE7-A3F7FD3D4C04} = {E151C840-4E42-3C9F-8AE7-A3F7FD3D4C04}
	EndProjectSection
EndProject
Project("{8BC9CEB8-8B4A-11D0-8D11-00A0C91BC942}") = "fax2tiff", "tools\fax2tiff.vcxproj", "{F710BBA4-1A74-3180-A6A2-1ECEA09CF4C8}"
	ProjectSection(ProjectDependencies) = postProject
		{D0B33607-CF43-337A-B71C-5DD5407B119A} = {D0B33607-CF43-337A-B71C-5DD5407B119A}
		{CE2B813B-D4B6-3304-BB15-25FD68F18163} = {CE2B813B-D4B6-3304-BB15-25FD68F18163}
		{E151C840-4E42-3C9F-8AE7-A3F7FD3D4C04} = {E151C840-4E42-3C9F-8AE7-A3F7FD3D4C04}
	EndProjectSection
EndProject
Project("{8BC9CEB8-8B4A-11D0-8D11-00A0C91BC942}") = "gif2tiff", "tools\gif2tiff.vcxproj", "{BF23EC45-1E24-3AF5-B1D1-8C4B594BB0C2}"
	ProjectSection(ProjectDependencies) = postProject
		{D0B33607-CF43-337A-B71C-5DD5407B119A} = {D0B33607-CF43-337A-B71C-5DD5407B119A}
		{CE2B813B-D4B6-3304-BB15-25FD68F18163} = {CE2B813B-D4B6-3304-BB15-25FD68F18163}
		{E151C840-4E42-3C9F-8AE7-A3F7FD3D4C04} = {E151C840-4E42-3C9F-8AE7-A3F7FD3D4C04}
	EndProjectSection
EndProject
Project("{8BC9CEB8-8B4A-11D0-8D11-00A0C91BC942}") = "htmldoc", "html\man\htmldoc.vcxproj", "{2D7F98A3-0961-3CEA-AF15-BBDA70335D24}"
	ProjectSection(ProjectDependencies) = postProject
		{D0B33607-CF43-337A-B71C-5DD5407B119A} = {D0B33607-CF43-337A-B71C-5DD5407B119A}
	EndProjectSection
EndProject
Project("{8BC9CEB8-8B4A-11D0-8D11-00A0C91BC942}") = "iptcutil", "contrib\iptcutil\iptcutil.vcxproj", "{545CE322-B34B-3CEA-ADD7-F15E4BA07112}"
	ProjectSection(ProjectDependencies) = postProject
		{D0B33607-CF43-337A-B71C-5DD5407B119A} = {D0B33607-CF43-337A-B71C-5DD5407B119A}
		{CE2B813B-D4B6-3304-BB15-25FD68F18163} = {CE2B813B-D4B6-3304-BB15-25FD68F18163}
		{E151C840-4E42-3C9F-8AE7-A3F7FD3D4C04} = {E151C840-4E42-3C9F-8AE7-A3F7FD3D4C04}
	EndProjectSection
EndProject
Project("{8BC9CEB8-8B4A-11D0-8D11-00A0C91BC942}") = "long_tag", "test\long_tag.vcxproj", "{EE93F170-792D-3D69-ADAD-DAE8C1EDEF46}"
	ProjectSection(ProjectDependencies) = postProject
		{D0B33607-CF43-337A-B71C-5DD5407B119A} = {D0B33607-CF43-337A-B71C-5DD5407B119A}
		{CE2B813B-D4B6-3304-BB15-25FD68F18163} = {CE2B813B-D4B6-3304-BB15-25FD68F18163}
		{E151C840-4E42-3C9F-8AE7-A3F7FD3D4C04} = {E151C840-4E42-3C9F-8AE7-A3F7FD3D4C04}
	EndProjectSection
EndProject
Project("{8BC9CEB8-8B4A-11D0-8D11-00A0C91BC942}") = "pal2rgb", "tools\pal2rgb.vcxproj", "{0300CED4-57DD-325D-85EE-72A6AE376805}"
	ProjectSection(ProjectDependencies) = postProject
		{D0B33607-CF43-337A-B71C-5DD5407B119A} = {D0B33607-CF43-337A-B71C-5DD5407B119A}
		{CE2B813B-D4B6-3304-BB15-25FD68F18163} = {CE2B813B-D4B6-3304-BB15-25FD68F18163}
		{E151C840-4E42-3C9F-8AE7-A3F7FD3D4C04} = {E151C840-4E42-3C9F-8AE7-A3F7FD3D4C04}
	EndProjectSection
EndProject
Project("{8BC9CEB8-8B4A-11D0-8D11-00A0C91BC942}") = "port", "port\port.vcxproj", "{CE2B813B-D4B6-3304-BB15-25FD68F18163}"
	ProjectSection(ProjectDependencies) = postProject
		{D0B33607-CF43-337A-B71C-5DD5407B119A} = {D0B33607-CF43-337A-B71C-5DD5407B119A}
	EndProjectSection
EndProject
Project("{8BC9CEB8-8B4A-11D0-8D11-00A0C91BC942}") = "ppm2tiff", "tools\ppm2tiff.vcxproj", "{5B0EA6AE-32FE-3323-8AD6-AD62F9BE41DC}"
	ProjectSection(ProjectDependencies) = postProject
		{D0B33607-CF43-337A-B71C-5DD5407B119A} = {D0B33607-CF43-337A-B71C-5DD5407B119A}
		{CE2B813B-D4B6-3304-BB15-25FD68F18163} = {CE2B813B-D4B6-3304-BB15-25FD68F18163}
		{E151C840-4E42-3C9F-8AE7-A3F7FD3D4C04} = {E151C840-4E42-3C9F-8AE7-A3F7FD3D4C04}
	EndProjectSection
EndProject
Project("{8BC9CEB8-8B4A-11D0-8D11-00A0C91BC942}") = "ras2tiff", "tools\ras2tiff.vcxproj", "{DD7D1CB3-711A-3FB5-AD27-611E1C80FFAD}"
	ProjectSection(ProjectDependencies) = postProject
		{D0B33607-CF43-337A-B71C-5DD5407B119A} = {D0B33607-CF43-337A-B71C-5DD5407B119A}
		{CE2B813B-D4B6-3304-BB15-25FD68F18163} = {CE2B813B-D4B6-3304-BB15-25FD68F18163}
		{E151C840-4E42-3C9F-8AE7-A3F7FD3D4C04} = {E151C840-4E42-3C9F-8AE7-A3F7FD3D4C04}
	EndProjectSection
EndProject
Project("{8BC9CEB8-8B4A-11D0-8D11-00A0C91BC942}") = "raw2tiff", "tools\raw2tiff.vcxproj", "{B544F89C-E3A7-3FC2-BA41-DC0D7AFC6C24}"
	ProjectSection(ProjectDependencies) = postProject
		{D0B33607-CF43-337A-B71C-5DD5407B119A} = {D0B33607-CF43-337A-B71C-5DD5407B119A}
		{CE2B813B-D4B6-3304-BB15-25FD68F18163} = {CE2B813B-D4B6-3304-BB15-25FD68F18163}
		{E151C840-4E42-3C9F-8AE7-A3F7FD3D4C04} = {E151C840-4E42-3C9F-8AE7-A3F7FD3D4C04}
	EndProjectSection
EndProject
Project("{8BC9CEB8-8B4A-11D0-8D11-00A0C91BC942}") = "rewrite", "test\rewrite.vcxproj", "{053BF68C-1395-37CC-BA2E-155DF8169FB0}"
	ProjectSection(ProjectDependencies) = postProject
		{D0B33607-CF43-337A-B71C-5DD5407B119A} = {D0B33607-CF43-337A-B71C-5DD5407B119A}
		{CE2B813B-D4B6-3304-BB15-25FD68F18163} = {CE2B813B-D4B6-3304-BB15-25FD68F18163}
		{E151C840-4E42-3C9F-8AE7-A3F7FD3D4C04} = {E151C840-4E42-3C9F-8AE7-A3F7FD3D4C04}
	EndProjectSection
EndProject
Project("{8BC9CEB8-8B4A-11D0-8D11-00A0C91BC942}") = "rgb2ycbcr", "tools\rgb2ycbcr.vcxproj", "{FB957589-34F6-3DFE-AEBD-722C202DB813}"
	ProjectSection(ProjectDependencies) = postProject
		{D0B33607-CF43-337A-B71C-5DD5407B119A} = {D0B33607-CF43-337A-B71C-5DD5407B119A}
		{CE2B813B-D4B6-3304-BB15-25FD68F18163} = {CE2B813B-D4B6-3304-BB15-25FD68F18163}
		{E151C840-4E42-3C9F-8AE7-A3F7FD3D4C04} = {E151C840-4E42-3C9F-8AE7-A3F7FD3D4C04}
	EndProjectSection
EndProject
Project("{8BC9CEB8-8B4A-11D0-8D11-00A0C91BC942}") = "short_tag", "test\short_tag.vcxproj", "{B5F5489C-4408-3A74-90C4-02A89D4FC047}"
	ProjectSection(ProjectDependencies) = postProject
		{D0B33607-CF43-337A-B71C-5DD5407B119A} = {D0B33607-CF43-337A-B71C-5DD5407B119A}
		{CE2B813B-D4B6-3304-BB15-25FD68F18163} = {CE2B813B-D4B6-3304-BB15-25FD68F18163}
		{E151C840-4E42-3C9F-8AE7-A3F7FD3D4C04} = {E151C840-4E42-3C9F-8AE7-A3F7FD3D4C04}
	EndProjectSection
EndProject
Project("{8BC9CEB8-8B4A-11D0-8D11-00A0C91BC942}") = "strip_rw", "test\strip_rw.vcxproj", "{B24B9C09-1303-3CD1-8F18-DF765DC34081}"
	ProjectSection(ProjectDependencies) = postProject
		{D0B33607-CF43-337A-B71C-5DD5407B119A} = {D0B33607-CF43-337A-B71C-5DD5407B119A}
		{CE2B813B-D4B6-3304-BB15-25FD68F18163} = {CE2B813B-D4B6-3304-BB15-25FD68F18163}
		{E151C840-4E42-3C9F-8AE7-A3F7FD3D4C04} = {E151C840-4E42-3C9F-8AE7-A3F7FD3D4C04}
	EndProjectSection
EndProject
Project("{8BC9CEB8-8B4A-11D0-8D11-00A0C91BC942}") = "thumbnail", "tools\thumbnail.vcxproj", "{E80528E8-8CA5-3F0E-8E5F-B98B435DDE3C}"
	ProjectSection(ProjectDependencies) = postProject
		{D0B33607-CF43-337A-B71C-5DD5407B119A} = {D0B33607-CF43-337A-B71C-5DD5407B119A}
		{CE2B813B-D4B6-3304-BB15-25FD68F18163} = {CE2B813B-D4B6-3304-BB15-25FD68F18163}
		{E151C840-4E42-3C9F-8AE7-A3F7FD3D4C04} = {E151C840-4E42-3C9F-8AE7-A3F7FD3D4C04}
	EndProjectSection
EndProject
Project("{8BC9CEB8-8B4A-11D0-8D11-00A0C91BC942}") = "tiff", "libtiff\tiff.vcxproj", "{E151C840-4E42-3C9F-8AE7-A3F7FD3D4C04}"
	ProjectSection(ProjectDependencies) = postProject
		{D0B33607-CF43-337A-B71C-5DD5407B119A} = {D0B33607-CF43-337A-B71C-5DD5407B119A}
	EndProjectSection
EndProject
Project("{8BC9CEB8-8B4A-11D0-8D11-00A0C91BC942}") = "tiff-bi", "contrib\dbs\tiff-bi.vcxproj", "{D36DC016-FF86-3594-A719-C322A6883C26}"
	ProjectSection(ProjectDependencies) = postProject
		{D0B33607-CF43-337A-B71C-5DD5407B119A} = {D0B33607-CF43-337A-B71C-5DD5407B119A}
		{CE2B813B-D4B6-3304-BB15-25FD68F18163} = {CE2B813B-D4B6-3304-BB15-25FD68F18163}
		{E151C840-4E42-3C9F-8AE7-A3F7FD3D4C04} = {E151C840-4E42-3C9F-8AE7-A3F7FD3D4C04}
	EndProjectSection
EndProject
Project("{8BC9CEB8-8B4A-11D0-8D11-00A0C91BC942}") = "tiff-grayscale", "contrib\dbs\tiff-grayscale.vcxproj", "{084AF45B-B429-3F3D-8E00-7B281A2603B0}"
	ProjectSection(ProjectDependencies) = postProject
		{D0B33607-CF43-337A-B71C-5DD5407B119A} = {D0B33607-CF43-337A-B71C-5DD5407B119A}
		{CE2B813B-D4B6-3304-BB15-25FD68F18163} = {CE2B813B-D4B6-3304-BB15-25FD68F18163}
		{E151C840-4E42-3C9F-8AE7-A3F7FD3D4C04} = {E151C840-4E42-3C9F-8AE7-A3F7FD3D4C04}
	EndProjectSection
EndProject
Project("{8BC9CEB8-8B4A-11D0-8D11-00A0C91BC942}") = "tiff-palette", "contrib\dbs\tiff-palette.vcxproj", "{27DFB8F6-C547-3B42-A052-525D817CA5D6}"
	ProjectSection(ProjectDependencies) = postProject
		{D0B33607-CF43-337A-B71C-5DD5407B119A} = {D0B33607-CF43-337A-B71C-5DD5407B119A}
		{CE2B813B-D4B6-3304-BB15-25FD68F18163} = {CE2B813B-D4B6-3304-BB15-25FD68F18163}
		{E151C840-4E42-3C9F-8AE7-A3F7FD3D4C04} = {E151C840-4E42-3C9F-8AE7-A3F7FD3D4C04}
	EndProjectSection
EndProject
Project("{8BC9CEB8-8B4A-11D0-8D11-00A0C91BC942}") = "tiff-rgb", "contrib\dbs\tiff-rgb.vcxproj", "{0A6A53BF-9BAA-39F9-9742-6BD0A078A008}"
	ProjectSection(ProjectDependencies) = postProject
		{D0B33607-CF43-337A-B71C-5DD5407B119A} = {D0B33607-CF43-337A-B71C-5DD5407B119A}
		{CE2B813B-D4B6-3304-BB15-25FD68F18163} = {CE2B813B-D4B6-3304-BB15-25FD68F18163}
		{E151C840-4E42-3C9F-8AE7-A3F7FD3D4C04} = {E151C840-4E42-3C9F-8AE7-A3F7FD3D4C04}
	EndProjectSection
EndProject
Project("{8BC9CEB8-8B4A-11D0-8D11-00A0C91BC942}") = "tiff2bw", "tools\tiff2bw.vcxproj", "{BDE64BB1-C3D2-3ACD-BF56-809D6B277889}"
	ProjectSection(ProjectDependencies) = postProject
		{D0B33607-CF43-337A-B71C-5DD5407B119A} = {D0B33607-CF43-337A-B71C-5DD5407B119A}
		{CE2B813B-D4B6-3304-BB15-25FD68F18163} = {CE2B813B-D4B6-3304-BB15-25FD68F18163}
		{E151C840-4E42-3C9F-8AE7-A3F7FD3D4C04} = {E151C840-4E42-3C9F-8AE7-A3F7FD3D4C04}
	EndProjectSection
EndProject
Project("{8BC9CEB8-8B4A-11D0-8D11-00A0C91BC942}") = "tiff2pdf", "tools\tiff2pdf.vcxproj", "{36F65938-F99B-37C8-AADA-7D6BAF4C6CB2}"
	ProjectSection(ProjectDependencies) = postProject
		{D0B33607-CF43-337A-B71C-5DD5407B119A} = {D0B33607-CF43-337A-B71C-5DD5407B119A}
		{CE2B813B-D4B6-3304-BB15-25FD68F18163} = {CE2B813B-D4B6-3304-BB15-25FD68F18163}
		{E151C840-4E42-3C9F-8AE7-A3F7FD3D4C04} = {E151C840-4E42-3C9F-8AE7-A3F7FD3D4C04}
	EndProjectSection
EndProject
Project("{8BC9CEB8-8B4A-11D0-8D11-00A0C91BC942}") = "tiff2ps", "tools\tiff2ps.vcxproj", "{D6D7742D-9F31-3044-A776-D1DC021878C4}"
	ProjectSection(ProjectDependencies) = postProject
		{D0B33607-CF43-337A-B71C-5DD5407B119A} = {D0B33607-CF43-337A-B71C-5DD5407B119A}
		{CE2B813B-D4B6-3304-BB15-25FD68F18163} = {CE2B813B-D4B6-3304-BB15-25FD68F18163}
		{E151C840-4E42-3C9F-8AE7-A3F7FD3D4C04} = {E151C840-4E42-3C9F-8AE7-A3F7FD3D4C04}
	EndProjectSection
EndProject
Project("{8BC9CEB8-8B4A-11D0-8D11-00A0C91BC942}") = "tiff2rgba", "tools\tiff2rgba.vcxproj", "{B543EA0C-BA9D-3899-90C8-C835C899DCB7}"
	ProjectSection(ProjectDependencies) = postProject
		{D0B33607-CF43-337A-B71C-5DD5407B119A} = {D0B33607-CF43-337A-B71C-5DD5407B119A}
		{CE2B813B-D4B6-3304-BB15-25FD68F18163} = {CE2B813B-D4B6-3304-BB15-25FD68F18163}
		{E151C840-4E42-3C9F-8AE7-A3F7FD3D4C04} = {E151C840-4E42-3C9F-8AE7-A3F7FD3D4C04}
	EndProjectSection
EndProject
Project("{8BC9CEB8-8B4A-11D0-8D11-00A0C91BC942}") = "tiffcmp", "tools\tiffcmp.vcxproj", "{743F28BB-D0CA-3A41-AC06-3192D8BA7CA7}"
	ProjectSection(ProjectDependencies) = postProject
		{D0B33607-CF43-337A-B71C-5DD5407B119A} = {D0B33607-CF43-337A-B71C-5DD5407B119A}
		{CE2B813B-D4B6-3304-BB15-25FD68F18163} = {CE2B813B-D4B6-3304-BB15-25FD68F18163}
		{E151C840-4E42-3C9F-8AE7-A3F7FD3D4C04} = {E151C840-4E42-3C9F-8AE7-A3F7FD3D4C04}
	EndProjectSection
EndProject
Project("{8BC9CEB8-8B4A-11D0-8D11-00A0C91BC942}") = "tiffcp", "tools\tiffcp.vcxproj", "{FF638699-CF0C-3E00-A7AE-BE36F064CD4C}"
	ProjectSection(ProjectDependencies) = postProject
		{D0B33607-CF43-337A-B71C-5DD5407B119A} = {D0B33607-CF43-337A-B71C-5DD5407B119A}
		{CE2B813B-D4B6-3304-BB15-25FD68F18163} = {CE2B813B-D4B6-3304-BB15-25FD68F18163}
		{E151C840-4E42-3C9F-8AE7-A3F7FD3D4C04} = {E151C840-4E42-3C9F-8AE7-A3F7FD3D4C04}
	EndProjectSection
EndProject
Project("{8BC9CEB8-8B4A-11D0-8D11-00A0C91BC942}") = "tiffcrop", "tools\tiffcrop.vcxproj", "{8A9369E3-3779-3546-8EFC-BFE4DD700606}"
	ProjectSection(ProjectDependencies) = postProject
		{D0B33607-CF43-337A-B71C-5DD5407B119A} = {D0B33607-CF43-337A-B71C-5DD5407B119A}
		{CE2B813B-D4B6-3304-BB15-25FD68F18163} = {CE2B813B-D4B6-3304-BB15-25FD68F18163}
		{E151C840-4E42-3C9F-8AE7-A3F7FD3D4C04} = {E151C840-4E42-3C9F-8AE7-A3F7FD3D4C04}
	EndProjectSection
EndProject
Project("{8BC9CEB8-8B4A-11D0-8D11-00A0C91BC942}") = "tiffdither", "tools\tiffdither.vcxproj", "{DBDBACE4-BAAC-3DDF-9B7B-EF783201DEBD}"
	ProjectSection(ProjectDependencies) = postProject
		{D0B33607-CF43-337A-B71C-5DD5407B119A} = {D0B33607-CF43-337A-B71C-5DD5407B119A}
		{CE2B813B-D4B6-3304-BB15-25FD68F18163} = {CE2B813B-D4B6-3304-BB15-25FD68F18163}
		{E151C840-4E42-3C9F-8AE7-A3F7FD3D4C04} = {E151C840-4E42-3C9F-8AE7-A3F7FD3D4C04}
	EndProjectSection
EndProject
Project("{8BC9CEB8-8B4A-11D0-8D11-00A0C91BC942}") = "tiffdump", "tools\tiffdump.vcxproj", "{9BA66E6A-DD2A-3A4D-9C8C-E49A5C67C530}"
	ProjectSection(ProjectDependencies) = postProject
		{D0B33607-CF43-337A-B71C-5DD5407B119A} = {D0B33607-CF43-337A-B71C-5DD5407B119A}
		{CE2B813B-D4B6-3304-BB15-25FD68F18163} = {CE2B813B-D4B6-3304-BB15-25FD68F18163}
		{E151C840-4E42-3C9F-8AE7-A3F7FD3D4C04} = {E151C840-4E42-3C9F-8AE7-A3F7FD3D4C04}
	EndProjectSection
EndProject
Project("{8BC9CEB8-8B4A-11D0-8D11-00A0C91BC942}") = "tiffinfo", "tools\tiffinfo.vcxproj", "{556C9E5A-ED13-3402-817A-D208D255489A}"
	ProjectSection(ProjectDependencies) = postProject
		{D0B33607-CF43-337A-B71C-5DD5407B119A} = {D0B33607-CF43-337A-B71C-5DD5407B119A}
		{CE2B813B-D4B6-3304-BB15-25FD68F18163} = {CE2B813B-D4B6-3304-BB15-25FD68F18163}
		{E151C840-4E42-3C9F-8AE7-A3F7FD3D4C04} = {E151C840-4E42-3C9F-8AE7-A3F7FD3D4C04}
	EndProjectSection
EndProject
Project("{8BC9CEB8-8B4A-11D0-8D11-00A0C91BC942}") = "tiffmedian", "tools\tiffmedian.vcxproj", "{5406470A-F566-3A20-A44E-1BC36E15C8EF}"
	ProjectSection(ProjectDependencies) = postProject
		{D0B33607-CF43-337A-B71C-5DD5407B119A} = {D0B33607-CF43-337A-B71C-5DD5407B119A}
		{CE2B813B-D4B6-3304-BB15-25FD68F18163} = {CE2B813B-D4B6-3304-BB15-25FD68F18163}
		{E151C840-4E42-3C9F-8AE7-A3F7FD3D4C04} = {E151C840-4E42-3C9F-8AE7-A3F7FD3D4C04}
	EndProjectSection
EndProject
Project("{8BC9CEB8-8B4A-11D0-8D11-00A0C91BC942}") = "tiffset", "tools\tiffset.vcxproj", "{5C5DEDF3-CDE1-3386-B3BF-BC989321FE0A}"
	ProjectSection(ProjectDependencies) = postProject
		{D0B33607-CF43-337A-B71C-5DD5407B119A} = {D0B33607-CF43-337A-B71C-5DD5407B119A}
		{CE2B813B-D4B6-3304-BB15-25FD68F18163} = {CE2B813B-D4B6-3304-BB15-25FD68F18163}
		{E151C840-4E42-3C9F-8AE7-A3F7FD3D4C04} = {E151C840-4E42-3C9F-8AE7-A3F7FD3D4C04}
	EndProjectSection
EndProject
Project("{8BC9CEB8-8B4A-11D0-8D11-00A0C91BC942}") = "tiffsplit", "tools\tiffsplit.vcxproj", "{5E79012D-9071-3610-B3EB-29E7FE00DCAB}"
	ProjectSection(ProjectDependencies) = postProject
		{D0B33607-CF43-337A-B71C-5DD5407B119A} = {D0B33607-CF43-337A-B71C-5DD5407B119A}
		{CE2B813B-D4B6-3304-BB15-25FD68F18163} = {CE2B813B-D4B6-3304-BB15-25FD68F18163}
		{E151C840-4E42-3C9F-8AE7-A3F7FD3D4C04} = {E151C840-4E42-3C9F-8AE7-A3F7FD3D4C04}
	EndProjectSection
EndProject
Project("{8BC9CEB8-8B4A-11D0-8D11-00A0C91BC942}") = "tiffxx", "libtiff\tiffxx.vcxproj", "{63A826FD-A873-3879-9794-36DB335D8605}"
	ProjectSection(ProjectDependencies) = postProject
		{D0B33607-CF43-337A-B71C-5DD5407B119A} = {D0B33607-CF43-337A-B71C-5DD5407B119A}
		{E151C840-4E42-3C9F-8AE7-A3F7FD3D4C04} = {E151C840-4E42-3C9F-8AE7-A3F7FD3D4C04}
	EndProjectSection
EndProject
Global
	GlobalSection(SolutionConfigurationPlatforms) = preSolution
		Debug|Win32 = Debug|Win32
		Release|Win32 = Release|Win32
		MinSizeRel|Win32 = MinSizeRel|Win32
		RelWithDebInfo|Win32 = RelWithDebInfo|Win32
	EndGlobalSection
	GlobalSection(ProjectConfigurationPlatforms) = postSolution
		{6EE84517-4E5A-3040-B50F-EB78203A9C8D}.Debug|Win32.ActiveCfg = Debug|Win32
		{6EE84517-4E5A-3040-B50F-EB78203A9C8D}.Debug|Win32.Build.0 = Debug|Win32
		{6EE84517-4E5A-3040-B50F-EB78203A9C8D}.Release|Win32.ActiveCfg = Release|Win32
		{6EE84517-4E5A-3040-B50F-EB78203A9C8D}.Release|Win32.Build.0 = Release|Win32
		{6EE84517-4E5A-3040-B50F-EB78203A9C8D}.MinSizeRel|Win32.ActiveCfg = MinSizeRel|Win32
		{6EE84517-4E5A-3040-B50F-EB78203A9C8D}.MinSizeRel|Win32.Build.0 = MinSizeRel|Win32
		{6EE84517-4E5A-3040-B50F-EB78203A9C8D}.RelWithDebInfo|Win32.ActiveCfg = RelWithDebInfo|Win32
		{6EE84517-4E5A-3040-B50F-EB78203A9C8D}.RelWithDebInfo|Win32.Build.0 = RelWithDebInfo|Win32
		{A6DA01E1-62E0-35A7-8515-088B173D4E93}.Debug|Win32.ActiveCfg = Debug|Win32
		{A6DA01E1-62E0-35A7-8515-088B173D4E93}.Release|Win32.ActiveCfg = Release|Win32
		{A6DA01E1-62E0-35A7-8515-088B173D4E93}.MinSizeRel|Win32.ActiveCfg = MinSizeRel|Win32
		{A6DA01E1-62E0-35A7-8515-088B173D4E93}.RelWithDebInfo|Win32.ActiveCfg = RelWithDebInfo|Win32
		{AEBB5F22-D2BB-3597-AA74-43AFF04B5594}.Debug|Win32.ActiveCfg = Debug|Win32
		{AEBB5F22-D2BB-3597-AA74-43AFF04B5594}.Release|Win32.ActiveCfg = Release|Win32
		{AEBB5F22-D2BB-3597-AA74-43AFF04B5594}.MinSizeRel|Win32.ActiveCfg = MinSizeRel|Win32
		{AEBB5F22-D2BB-3597-AA74-43AFF04B5594}.RelWithDebInfo|Win32.ActiveCfg = RelWithDebInfo|Win32
		{D0B33607-CF43-337A-B71C-5DD5407B119A}.Debug|Win32.ActiveCfg = Debug|Win32
		{D0B33607-CF43-337A-B71C-5DD5407B119A}.Debug|Win32.Build.0 = Debug|Win32
		{D0B33607-CF43-337A-B71C-5DD5407B119A}.Release|Win32.ActiveCfg = Release|Win32
		{D0B33607-CF43-337A-B71C-5DD5407B119A}.Release|Win32.Build.0 = Release|Win32
		{D0B33607-CF43-337A-B71C-5DD5407B119A}.MinSizeRel|Win32.ActiveCfg = MinSizeRel|Win32
		{D0B33607-CF43-337A-B71C-5DD5407B119A}.MinSizeRel|Win32.Build.0 = MinSizeRel|Win32
		{D0B33607-CF43-337A-B71C-5DD5407B119A}.RelWithDebInfo|Win32.ActiveCfg = RelWithDebInfo|Win32
		{D0B33607-CF43-337A-B71C-5DD5407B119A}.RelWithDebInfo|Win32.Build.0 = RelWithDebInfo|Win32
		{02D4C80C-A391-3629-9832-43380F8D778E}.Debug|Win32.ActiveCfg = Debug|Win32
		{02D4C80C-A391-3629-9832-43380F8D778E}.Debug|Win32.Build.0 = Debug|Win32
		{02D4C80C-A391-3629-9832-43380F8D778E}.Release|Win32.ActiveCfg = Release|Win32
		{02D4C80C-A391-3629-9832-43380F8D778E}.Release|Win32.Build.0 = Release|Win32
		{02D4C80C-A391-3629-9832-43380F8D778E}.MinSizeRel|Win32.ActiveCfg = MinSizeRel|Win32
		{02D4C80C-A391-3629-9832-43380F8D778E}.MinSizeRel|Win32.Build.0 = MinSizeRel|Win32
		{02D4C80C-A391-3629-9832-43380F8D778E}.RelWithDebInfo|Win32.ActiveCfg = RelWithDebInfo|Win32
		{02D4C80C-A391-3629-9832-43380F8D778E}.RelWithDebInfo|Win32.Build.0 = RelWithDebInfo|Win32
		{04C1BA01-FA32-3972-9F40-54CBF4BE27D0}.Debug|Win32.ActiveCfg = Debug|Win32
		{04C1BA01-FA32-3972-9F40-54CBF4BE27D0}.Debug|Win32.Build.0 = Debug|Win32
		{04C1BA01-FA32-3972-9F40-54CBF4BE27D0}.Release|Win32.ActiveCfg = Release|Win32
		{04C1BA01-FA32-3972-9F40-54CBF4BE27D0}.Release|Win32.Build.0 = Release|Win32
		{04C1BA01-FA32-3972-9F40-54CBF4BE27D0}.MinSizeRel|Win32.ActiveCfg = MinSizeRel|Win32
		{04C1BA01-FA32-3972-9F40-54CBF4BE27D0}.MinSizeRel|Win32.Build.0 = MinSizeRel|Win32
		{04C1BA01-FA32-3972-9F40-54CBF4BE27D0}.RelWithDebInfo|Win32.ActiveCfg = RelWithDebInfo|Win32
		{04C1BA01-FA32-3972-9F40-54CBF4BE27D0}.RelWithDebInfo|Win32.Build.0 = RelWithDebInfo|Win32
		{8C48A40E-E8B3-3C18-891A-9EBDE099A004}.Debug|Win32.ActiveCfg = Debug|Win32
		{8C48A40E-E8B3-3C18-891A-9EBDE099A004}.Debug|Win32.Build.0 = Debug|Win32
		{8C48A40E-E8B3-3C18-891A-9EBDE099A004}.Release|Win32.ActiveCfg = Release|Win32
		{8C48A40E-E8B3-3C18-891A-9EBDE099A004}.Release|Win32.Build.0 = Release|Win32
		{8C48A40E-E8B3-3C18-891A-9EBDE099A004}.MinSizeRel|Win32.ActiveCfg = MinSizeRel|Win32
		{8C48A40E-E8B3-3C18-891A-9EBDE099A004}.MinSizeRel|Win32.Build.0 = MinSizeRel|Win32
		{8C48A40E-E8B3-3C18-891A-9EBDE099A004}.RelWithDebInfo|Win32.ActiveCfg = RelWithDebInfo|Win32
		{8C48A40E-E8B3-3C18-891A-9EBDE099A004}.RelWithDebInfo|Win32.Build.0 = RelWithDebInfo|Win32
		{7B141D75-B4C2-3EB0-9A1E-82ACF937F490}.Debug|Win32.ActiveCfg = Debug|Win32
		{7B141D75-B4C2-3EB0-9A1E-82ACF937F490}.Debug|Win32.Build.0 = Debug|Win32
		{7B141D75-B4C2-3EB0-9A1E-82ACF937F490}.Release|Win32.ActiveCfg = Release|Win32
		{7B141D75-B4C2-3EB0-9A1E-82ACF937F490}.Release|Win32.Build.0 = Release|Win32
		{7B141D75-B4C2-3EB0-9A1E-82ACF937F490}.MinSizeRel|Win32.ActiveCfg = MinSizeRel|Win32
		{7B141D75-B4C2-3EB0-9A1E-82ACF937F490}.MinSizeRel|Win32.Build.0 = MinSizeRel|Win32
		{7B141D75-B4C2-3EB0-9A1E-82ACF937F490}.RelWithDebInfo|Win32.ActiveCfg = RelWithDebInfo|Win32
		{7B141D75-B4C2-3EB0-9A1E-82ACF937F490}.RelWithDebInfo|Win32.Build.0 = RelWithDebInfo|Win32
		{59A1A109-2553-399E-92BB-45BD5673E52F}.Debug|Win32.ActiveCfg = Debug|Win32
		{59A1A109-2553-399E-92BB-45BD5673E52F}.Debug|Win32.Build.0 = Debug|Win32
		{59A1A109-2553-399E-92BB-45BD5673E52F}.Release|Win32.ActiveCfg = Release|Win32
		{59A1A109-2553-399E-92BB-45BD5673E52F}.Release|Win32.Build.0 = Release|Win32
		{59A1A109-2553-399E-92BB-45BD5673E52F}.MinSizeRel|Win32.ActiveCfg = MinSizeRel|Win32
		{59A1A109-2553-399E-92BB-45BD5673E52F}.MinSizeRel|Win32.Build.0 = MinSizeRel|Win32
		{59A1A109-2553-399E-92BB-45BD5673E52F}.RelWithDebInfo|Win32.ActiveCfg = RelWithDebInfo|Win32
		{59A1A109-2553-399E-92BB-45BD5673E52F}.RelWithDebInfo|Win32.Build.0 = RelWithDebInfo|Win32
		{F710BBA4-1A74-3180-A6A2-1ECEA09CF4C8}.Debug|Win32.ActiveCfg = Debug|Win32
		{F710BBA4-1A74-3180-A6A2-1ECEA09CF4C8}.Debug|Win32.Build.0 = Debug|Win32
		{F710BBA4-1A74-3180-A6A2-1ECEA09CF4C8}.Release|Win32.ActiveCfg = Release|Win32
		{F710BBA4-1A74-3180-A6A2-1ECEA09CF4C8}.Release|Win32.Build.0 = Release|Win32
		{F710BBA4-1A74-3180-A6A2-1ECEA09CF4C8}.MinSizeRel|Win32.ActiveCfg = MinSizeRel|Win32
		{F710BBA4-1A74-3180-A6A2-1ECEA09CF4C8}.MinSizeRel|Win32.Build.0 = MinSizeRel|Win32
		{F710BBA4-1A74-3180-A6A2-1ECEA09CF4C8}.RelWithDebInfo|Win32.ActiveCfg = RelWithDebInfo|Win32
		{F710BBA4-1A74-3180-A6A2-1ECEA09CF4C8}.RelWithDebInfo|Win32.Build.0 = RelWithDebInfo|Win32
		{BF23EC45-1E24-3AF5-B1D1-8C4B594BB0C2}.Debug|Win32.ActiveCfg = Debug|Win32
		{BF23EC45-1E24-3AF5-B1D1-8C4B594BB0C2}.Debug|Win32.Build.0 = Debug|Win32
		{BF23EC45-1E24-3AF5-B1D1-8C4B594BB0C2}.Release|Win32.ActiveCfg = Release|Win32
		{BF23EC45-1E24-3AF5-B1D1-8C4B594BB0C2}.Release|Win32.Build.0 = Release|Win32
		{BF23EC45-1E24-3AF5-B1D1-8C4B594BB0C2}.MinSizeRel|Win32.ActiveCfg = MinSizeRel|Win32
		{BF23EC45-1E24-3AF5-B1D1-8C4B594BB0C2}.MinSizeRel|Win32.Build.0 = MinSizeRel|Win32
		{BF23EC45-1E24-3AF5-B1D1-8C4B594BB0C2}.RelWithDebInfo|Win32.ActiveCfg = RelWithDebInfo|Win32
		{BF23EC45-1E24-3AF5-B1D1-8C4B594BB0C2}.RelWithDebInfo|Win32.Build.0 = RelWithDebInfo|Win32
		{2D7F98A3-0961-3CEA-AF15-BBDA70335D24}.Debug|Win32.ActiveCfg = Debug|Win32
		{2D7F98A3-0961-3CEA-AF15-BBDA70335D24}.Release|Win32.ActiveCfg = Release|Win32
		{2D7F98A3-0961-3CEA-AF15-BBDA70335D24}.MinSizeRel|Win32.ActiveCfg = MinSizeRel|Win32
		{2D7F98A3-0961-3CEA-AF15-BBDA70335D24}.RelWithDebInfo|Win32.ActiveCfg = RelWithDebInfo|Win32
		{545CE322-B34B-3CEA-ADD7-F15E4BA07112}.Debug|Win32.ActiveCfg = Debug|Win32
		{545CE322-B34B-3CEA-ADD7-F15E4BA07112}.Debug|Win32.Build.0 = Debug|Win32
		{545CE322-B34B-3CEA-ADD7-F15E4BA07112}.Release|Win32.ActiveCfg = Release|Win32
		{545CE322-B34B-3CEA-ADD7-F15E4BA07112}.Release|Win32.Build.0 = Release|Win32
		{545CE322-B34B-3CEA-ADD7-F15E4BA07112}.MinSizeRel|Win32.ActiveCfg = MinSizeRel|Win32
		{545CE322-B34B-3CEA-ADD7-F15E4BA07112}.MinSizeRel|Win32.Build.0 = MinSizeRel|Win32
		{545CE322-B34B-3CEA-ADD7-F15E4BA07112}.RelWithDebInfo|Win32.ActiveCfg = RelWithDebInfo|Win32
		{545CE322-B34B-3CEA-ADD7-F15E4BA07112}.RelWithDebInfo|Win32.Build.0 = RelWithDebInfo|Win32
		{EE93F170-792D-3D69-ADAD-DAE8C1EDEF46}.Debug|Win32.ActiveCfg = Debug|Win32
		{EE93F170-792D-3D69-ADAD-DAE8C1EDEF46}.Debug|Win32.Build.0 = Debug|Win32
		{EE93F170-792D-3D69-ADAD-DAE8C1EDEF46}.Release|Win32.ActiveCfg = Release|Win32
		{EE93F170-792D-3D69-ADAD-DAE8C1EDEF46}.Release|Win32.Build.0 = Release|Win32
		{EE93F170-792D-3D69-ADAD-DAE8C1EDEF46}.MinSizeRel|Win32.ActiveCfg = MinSizeRel|Win32
		{EE93F170-792D-3D69-ADAD-DAE8C1EDEF46}.MinSizeRel|Win32.Build.0 = MinSizeRel|Win32
		{EE93F170-792D-3D69-ADAD-DAE8C1EDEF46}.RelWithDebInfo|Win32.ActiveCfg = RelWithDebInfo|Win32
		{EE93F170-792D-3D69-ADAD-DAE8C1EDEF46}.RelWithDebInfo|Win32.Build.0 = RelWithDebInfo|Win32
		{0300CED4-57DD-325D-85EE-72A6AE376805}.Debug|Win32.ActiveCfg = Debug|Win32
		{0300CED4-57DD-325D-85EE-72A6AE376805}.Debug|Win32.Build.0 = Debug|Win32
		{0300CED4-57DD-325D-85EE-72A6AE376805}.Release|Win32.ActiveCfg = Release|Win32
		{0300CED4-57DD-325D-85EE-72A6AE376805}.Release|Win32.Build.0 = Release|Win32
		{0300CED4-57DD-325D-85EE-72A6AE376805}.MinSizeRel|Win32.ActiveCfg = MinSizeRel|Win32
		{0300CED4-57DD-325D-85EE-72A6AE376805}.MinSizeRel|Win32.Build.0 = MinSizeRel|Win32
		{0300CED4-57DD-325D-85EE-72A6AE376805}.RelWithDebInfo|Win32.ActiveCfg = RelWithDebInfo|Win32
		{0300CED4-57DD-325D-85EE-72A6AE376805}.RelWithDebInfo|Win32.Build.0 = RelWithDebInfo|Win32
		{CE2B813B-D4B6-3304-BB15-25FD68F18163}.Debug|Win32.ActiveCfg = Debug|Win32
		{CE2B813B-D4B6-3304-BB15-25FD68F18163}.Debug|Win32.Build.0 = Debug|Win32
		{CE2B813B-D4B6-3304-BB15-25FD68F18163}.Release|Win32.ActiveCfg = Release|Win32
		{CE2B813B-D4B6-3304-BB15-25FD68F18163}.Release|Win32.Build.0 = Release|Win32
		{CE2B813B-D4B6-3304-BB15-25FD68F18163}.MinSizeRel|Win32.ActiveCfg = MinSizeRel|Win32
		{CE2B813B-D4B6-3304-BB15-25FD68F18163}.MinSizeRel|Win32.Build.0 = MinSizeRel|Win32
		{CE2B813B-D4B6-3304-BB15-25FD68F18163}.RelWithDebInfo|Win32.ActiveCfg = RelWithDebInfo|Win32
		{CE2B813B-D4B6-3304-BB15-25FD68F18163}.RelWithDebInfo|Win32.Build.0 = RelWithDebInfo|Win32
		{5B0EA6AE-32FE-3323-8AD6-AD62F9BE41DC}.Debug|Win32.ActiveCfg = Debug|Win32
		{5B0EA6AE-32FE-3323-8AD6-AD62F9BE41DC}.Debug|Win32.Build.0 = Debug|Win32
		{5B0EA6AE-32FE-3323-8AD6-AD62F9BE41DC}.Release|Win32.ActiveCfg = Release|Win32
		{5B0EA6AE-32FE-3323-8AD6-AD62F9BE41DC}.Release|Win32.Build.0 = Release|Win32
		{5B0EA6AE-32FE-3323-8AD6-AD62F9BE41DC}.MinSizeRel|Win32.ActiveCfg = MinSizeRel|Win32
		{5B0EA6AE-32FE-3323-8AD6-AD62F9BE41DC}.MinSizeRel|Win32.Build.0 = MinSizeRel|Win32
		{5B0EA6AE-32FE-3323-8AD6-AD62F9BE41DC}.RelWithDebInfo|Win32.ActiveCfg = RelWithDebInfo|Win32
		{5B0EA6AE-32FE-3323-8AD6-AD62F9BE41DC}.RelWithDebInfo|Win32.Build.0 = RelWithDebInfo|Win32
		{DD7D1CB3-711A-3FB5-AD27-611E1C80FFAD}.Debug|Win32.ActiveCfg = Debug|Win32
		{DD7D1CB3-711A-3FB5-AD27-611E1C80FFAD}.Debug|Win32.Build.0 = Debug|Win32
		{DD7D1CB3-711A-3FB5-AD27-611E1C80FFAD}.Release|Win32.ActiveCfg = Release|Win32
		{DD7D1CB3-711A-3FB5-AD27-611E1C80FFAD}.Release|Win32.Build.0 = Release|Win32
		{DD7D1CB3-711A-3FB5-AD27-611E1C80FFAD}.MinSizeRel|Win32.ActiveCfg = MinSizeRel|Win32
		{DD7D1CB3-711A-3FB5-AD27-611E1C80FFAD}.MinSizeRel|Win32.Build.0 = MinSizeRel|Win32
		{DD7D1CB3-711A-3FB5-AD27-611E1C80FFAD}.RelWithDebInfo|Win32.ActiveCfg = RelWithDebInfo|Win32
		{DD7D1CB3-711A-3FB5-AD27-611E1C80FFAD}.RelWithDebInfo|Win32.Build.0 = RelWithDebInfo|Win32
		{B544F89C-E3A7-3FC2-BA41-DC0D7AFC6C24}.Debug|Win32.ActiveCfg = Debug|Win32
		{B544F89C-E3A7-3FC2-BA41-DC0D7AFC6C24}.Debug|Win32.Build.0 = Debug|Win32
		{B544F89C-E3A7-3FC2-BA41-DC0D7AFC6C24}.Release|Win32.ActiveCfg = Release|Win32
		{B544F89C-E3A7-3FC2-BA41-DC0D7AFC6C24}.Release|Win32.Build.0 = Release|Win32
		{B544F89C-E3A7-3FC2-BA41-DC0D7AFC6C24}.MinSizeRel|Win32.ActiveCfg = MinSizeRel|Win32
		{B544F89C-E3A7-3FC2-BA41-DC0D7AFC6C24}.MinSizeRel|Win32.Build.0 = MinSizeRel|Win32
		{B544F89C-E3A7-3FC2-BA41-DC0D7AFC6C24}.RelWithDebInfo|Win32.ActiveCfg = RelWithDebInfo|Win32
		{B544F89C-E3A7-3FC2-BA41-DC0D7AFC6C24}.RelWithDebInfo|Win32.Build.0 = RelWithDebInfo|Win32
		{053BF68C-1395-37CC-BA2E-155DF8169FB0}.Debug|Win32.ActiveCfg = Debug|Win32
		{053BF68C-1395-37CC-BA2E-155DF8169FB0}.Debug|Win32.Build.0 = Debug|Win32
		{053BF68C-1395-37CC-BA2E-155DF8169FB0}.Release|Win32.ActiveCfg = Release|Win32
		{053BF68C-1395-37CC-BA2E-155DF8169FB0}.Release|Win32.Build.0 = Release|Win32
		{053BF68C-1395-37CC-BA2E-155DF8169FB0}.MinSizeRel|Win32.ActiveCfg = MinSizeRel|Win32
		{053BF68C-1395-37CC-BA2E-155DF8169FB0}.MinSizeRel|Win32.Build.0 = MinSizeRel|Win32
		{053BF68C-1395-37CC-BA2E-155DF8169FB0}.RelWithDebInfo|Win32.ActiveCfg = RelWithDebInfo|Win32
		{053BF68C-1395-37CC-BA2E-155DF8169FB0}.RelWithDebInfo|Win32.Build.0 = RelWithDebInfo|Win32
		{FB957589-34F6-3DFE-AEBD-722C202DB813}.Debug|Win32.ActiveCfg = Debug|Win32
		{FB957589-34F6-3DFE-AEBD-722C202DB813}.Debug|Win32.Build.0 = Debug|Win32
		{FB957589-34F6-3DFE-AEBD-722C202DB813}.Release|Win32.ActiveCfg = Release|Win32
		{FB957589-34F6-3DFE-AEBD-722C202DB813}.Release|Win32.Build.0 = Release|Win32
		{FB957589-34F6-3DFE-AEBD-722C202DB813}.MinSizeRel|Win32.ActiveCfg = MinSizeRel|Win32
		{FB957589-34F6-3DFE-AEBD-722C202DB813}.MinSizeRel|Win32.Build.0 = MinSizeRel|Win32
		{FB957589-34F6-3DFE-AEBD-722C202DB813}.RelWithDebInfo|Win32.ActiveCfg = RelWithDebInfo|Win32
		{FB957589-34F6-3DFE-AEBD-722C202DB813}.RelWithDebInfo|Win32.Build.0 = RelWithDebInfo|Win32
		{B5F5489C-4408-3A74-90C4-02A89D4FC047}.Debug|Win32.ActiveCfg = Debug|Win32
		{B5F5489C-4408-3A74-90C4-02A89D4FC047}.Debug|Win32.Build.0 = Debug|Win32
		{B5F5489C-4408-3A74-90C4-02A89D4FC047}.Release|Win32.ActiveCfg = Release|Win32
		{B5F5489C-4408-3A74-90C4-02A89D4FC047}.Release|Win32.Build.0 = Release|Win32
		{B5F5489C-4408-3A74-90C4-02A89D4FC047}.MinSizeRel|Win32.ActiveCfg = MinSizeRel|Win32
		{B5F5489C-4408-3A74-90C4-02A89D4FC047}.MinSizeRel|Win32.Build.0 = MinSizeRel|Win32
		{B5F5489C-4408-3A74-90C4-02A89D4FC047}.RelWithDebInfo|Win32.ActiveCfg = RelWithDebInfo|Win32
		{B5F5489C-4408-3A74-90C4-02A89D4FC047}.RelWithDebInfo|Win32.Build.0 = RelWithDebInfo|Win32
		{B24B9C09-1303-3CD1-8F18-DF765DC34081}.Debug|Win32.ActiveCfg = Debug|Win32
		{B24B9C09-1303-3CD1-8F18-DF765DC34081}.Debug|Win32.Build.0 = Debug|Win32
		{B24B9C09-1303-3CD1-8F18-DF765DC34081}.Release|Win32.ActiveCfg = Release|Win32
		{B24B9C09-1303-3CD1-8F18-DF765DC34081}.Release|Win32.Build.0 = Release|Win32
		{B24B9C09-1303-3CD1-8F18-DF765DC34081}.MinSizeRel|Win32.ActiveCfg = MinSizeRel|Win32
		{B24B9C09-1303-3CD1-8F18-DF765DC34081}.MinSizeRel|Win32.Build.0 = MinSizeRel|Win32
		{B24B9C09-1303-3CD1-8F18-DF765DC34081}.RelWithDebInfo|Win32.ActiveCfg = RelWithDebInfo|Win32
		{B24B9C09-1303-3CD1-8F18-DF765DC34081}.RelWithDebInfo|Win32.Build.0 = RelWithDebInfo|Win32
		{E80528E8-8CA5-3F0E-8E5F-B98B435DDE3C}.Debug|Win32.ActiveCfg = Debug|Win32
		{E80528E8-8CA5-3F0E-8E5F-B98B435DDE3C}.Debug|Win32.Build.0 = Debug|Win32
		{E80528E8-8CA5-3F0E-8E5F-B98B435DDE3C}.Release|Win32.ActiveCfg = Release|Win32
		{E80528E8-8CA5-3F0E-8E5F-B98B435DDE3C}.Release|Win32.Build.0 = Release|Win32
		{E80528E8-8CA5-3F0E-8E5F-B98B435DDE3C}.MinSizeRel|Win32.ActiveCfg = MinSizeRel|Win32
		{E80528E8-8CA5-3F0E-8E5F-B98B435DDE3C}.MinSizeRel|Win32.Build.0 = MinSizeRel|Win32
		{E80528E8-8CA5-3F0E-8E5F-B98B435DDE3C}.RelWithDebInfo|Win32.ActiveCfg = RelWithDebInfo|Win32
		{E80528E8-8CA5-3F0E-8E5F-B98B435DDE3C}.RelWithDebInfo|Win32.Build.0 = RelWithDebInfo|Win32
		{E151C840-4E42-3C9F-8AE7-A3F7FD3D4C04}.Debug|Win32.ActiveCfg = Debug|Win32
		{E151C840-4E42-3C9F-8AE7-A3F7FD3D4C04}.Debug|Win32.Build.0 = Debug|Win32
		{E151C840-4E42-3C9F-8AE7-A3F7FD3D4C04}.Release|Win32.ActiveCfg = Release|Win32
		{E151C840-4E42-3C9F-8AE7-A3F7FD3D4C04}.Release|Win32.Build.0 = Release|Win32
		{E151C840-4E42-3C9F-8AE7-A3F7FD3D4C04}.MinSizeRel|Win32.ActiveCfg = MinSizeRel|Win32
		{E151C840-4E42-3C9F-8AE7-A3F7FD3D4C04}.MinSizeRel|Win32.Build.0 = MinSizeRel|Win32
		{E151C840-4E42-3C9F-8AE7-A3F7FD3D4C04}.RelWithDebInfo|Win32.ActiveCfg = RelWithDebInfo|Win32
		{E151C840-4E42-3C9F-8AE7-A3F7FD3D4C04}.RelWithDebInfo|Win32.Build.0 = RelWithDebInfo|Win32
		{D36DC016-FF86-3594-A719-C322A6883C26}.Debug|Win32.ActiveCfg = Debug|Win32
		{D36DC016-FF86-3594-A719-C322A6883C26}.Debug|Win32.Build.0 = Debug|Win32
		{D36DC016-FF86-3594-A719-C322A6883C26}.Release|Win32.ActiveCfg = Release|Win32
		{D36DC016-FF86-3594-A719-C322A6883C26}.Release|Win32.Build.0 = Release|Win32
		{D36DC016-FF86-3594-A719-C322A6883C26}.MinSizeRel|Win32.ActiveCfg = MinSizeRel|Win32
		{D36DC016-FF86-3594-A719-C322A6883C26}.MinSizeRel|Win32.Build.0 = MinSizeRel|Win32
		{D36DC016-FF86-3594-A719-C322A6883C26}.RelWithDebInfo|Win32.ActiveCfg = RelWithDebInfo|Win32
		{D36DC016-FF86-3594-A719-C322A6883C26}.RelWithDebInfo|Win32.Build.0 = RelWithDebInfo|Win32
		{084AF45B-B429-3F3D-8E00-7B281A2603B0}.Debug|Win32.ActiveCfg = Debug|Win32
		{084AF45B-B429-3F3D-8E00-7B281A2603B0}.Debug|Win32.Build.0 = Debug|Win32
		{084AF45B-B429-3F3D-8E00-7B281A2603B0}.Release|Win32.ActiveCfg = Release|Win32
		{084AF45B-B429-3F3D-8E00-7B281A2603B0}.Release|Win32.Build.0 = Release|Win32
		{084AF45B-B429-3F3D-8E00-7B281A2603B0}.MinSizeRel|Win32.ActiveCfg = MinSizeRel|Win32
		{084AF45B-B429-3F3D-8E00-7B281A2603B0}.MinSizeRel|Win32.Build.0 = MinSizeRel|Win32
		{084AF45B-B429-3F3D-8E00-7B281A2603B0}.RelWithDebInfo|Win32.ActiveCfg = RelWithDebInfo|Win32
		{084AF45B-B429-3F3D-8E00-7B281A2603B0}.RelWithDebInfo|Win32.Build.0 = RelWithDebInfo|Win32
		{27DFB8F6-C547-3B42-A052-525D817CA5D6}.Debug|Win32.ActiveCfg = Debug|Win32
		{27DFB8F6-C547-3B42-A052-525D817CA5D6}.Debug|Win32.Build.0 = Debug|Win32
		{27DFB8F6-C547-3B42-A052-525D817CA5D6}.Release|Win32.ActiveCfg = Release|Win32
		{27DFB8F6-C547-3B42-A052-525D817CA5D6}.Release|Win32.Build.0 = Release|Win32
		{27DFB8F6-C547-3B42-A052-525D817CA5D6}.MinSizeRel|Win32.ActiveCfg = MinSizeRel|Win32
		{27DFB8F6-C547-3B42-A052-525D817CA5D6}.MinSizeRel|Win32.Build.0 = MinSizeRel|Win32
		{27DFB8F6-C547-3B42-A052-525D817CA5D6}.RelWithDebInfo|Win32.ActiveCfg = RelWithDebInfo|Win32
		{27DFB8F6-C547-3B42-A052-525D817CA5D6}.RelWithDebInfo|Win32.Build.0 = RelWithDebInfo|Win32
		{0A6A53BF-9BAA-39F9-9742-6BD0A078A008}.Debug|Win32.ActiveCfg = Debug|Win32
		{0A6A53BF-9BAA-39F9-9742-6BD0A078A008}.Debug|Win32.Build.0 = Debug|Win32
		{0A6A53BF-9BAA-39F9-9742-6BD0A078A008}.Release|Win32.ActiveCfg = Release|Win32
		{0A6A53BF-9BAA-39F9-9742-6BD0A078A008}.Release|Win32.Build.0 = Release|Win32
		{0A6A53BF-9BAA-39F9-9742-6BD0A078A008}.MinSizeRel|Win32.ActiveCfg = MinSizeRel|Win32
		{0A6A53BF-9BAA-39F9-9742-6BD0A078A008}.MinSizeRel|Win32.Build.0 = MinSizeRel|Win32
		{0A6A53BF-9BAA-39F9-9742-6BD0A078A008}.RelWithDebInfo|Win32.ActiveCfg = RelWithDebInfo|Win32
		{0A6A53BF-9BAA-39F9-9742-6BD0A078A008}.RelWithDebInfo|Win32.Build.0 = RelWithDebInfo|Win32
		{BDE64BB1-C3D2-3ACD-BF56-809D6B277889}.Debug|Win32.ActiveCfg = Debug|Win32
		{BDE64BB1-C3D2-3ACD-BF56-809D6B277889}.Debug|Win32.Build.0 = Debug|Win32
		{BDE64BB1-C3D2-3ACD-BF56-809D6B277889}.Release|Win32.ActiveCfg = Release|Win32
		{BDE64BB1-C3D2-3ACD-BF56-809D6B277889}.Release|Win32.Build.0 = Release|Win32
		{BDE64BB1-C3D2-3ACD-BF56-809D6B277889}.MinSizeRel|Win32.ActiveCfg = MinSizeRel|Win32
		{BDE64BB1-C3D2-3ACD-BF56-809D6B277889}.MinSizeRel|Win32.Build.0 = MinSizeRel|Win32
		{BDE64BB1-C3D2-3ACD-BF56-809D6B277889}.RelWithDebInfo|Win32.ActiveCfg = RelWithDebInfo|Win32
		{BDE64BB1-C3D2-3ACD-BF56-809D6B277889}.RelWithDebInfo|Win32.Build.0 = RelWithDebInfo|Win32
		{36F65938-F99B-37C8-AADA-7D6BAF4C6CB2}.Debug|Win32.ActiveCfg = Debug|Win32
		{36F65938-F99B-37C8-AADA-7D6BAF4C6CB2}.Debug|Win32.Build.0 = Debug|Win32
		{36F65938-F99B-37C8-AADA-7D6BAF4C6CB2}.Release|Win32.ActiveCfg = Release|Win32
		{36F65938-F99B-37C8-AADA-7D6BAF4C6CB2}.Release|Win32.Build.0 = Release|Win32
		{36F65938-F99B-37C8-AADA-7D6BAF4C6CB2}.MinSizeRel|Win32.ActiveCfg = MinSizeRel|Win32
		{36F65938-F99B-37C8-AADA-7D6BAF4C6CB2}.MinSizeRel|Win32.Build.0 = MinSizeRel|Win32
		{36F65938-F99B-37C8-AADA-7D6BAF4C6CB2}.RelWithDebInfo|Win32.ActiveCfg = RelWithDebInfo|Win32
		{36F65938-F99B-37C8-AADA-7D6BAF4C6CB2}.RelWithDebInfo|Win32.Build.0 = RelWithDebInfo|Win32
		{D6D7742D-9F31-3044-A776-D1DC021878C4}.Debug|Win32.ActiveCfg = Debug|Win32
		{D6D7742D-9F31-3044-A776-D1DC021878C4}.Debug|Win32.Build.0 = Debug|Win32
		{D6D7742D-9F31-3044-A776-D1DC021878C4}.Release|Win32.ActiveCfg = Release|Win32
		{D6D7742D-9F31-3044-A776-D1DC021878C4}.Release|Win32.Build.0 = Release|Win32
		{D6D7742D-9F31-3044-A776-D1DC021878C4}.MinSizeRel|Win32.ActiveCfg = MinSizeRel|Win32
		{D6D7742D-9F31-3044-A776-D1DC021878C4}.MinSizeRel|Win32.Build.0 = MinSizeRel|Win32
		{D6D7742D-9F31-3044-A776-D1DC021878C4}.RelWithDebInfo|Win32.ActiveCfg = RelWithDebInfo|Win32
		{D6D7742D-9F31-3044-A776-D1DC021878C4}.RelWithDebInfo|Win32.Build.0 = RelWithDebInfo|Win32
		{B543EA0C-BA9D-3899-90C8-C835C899DCB7}.Debug|Win32.ActiveCfg = Debug|Win32
		{B543EA0C-BA9D-3899-90C8-C835C899DCB7}.Debug|Win32.Build.0 = Debug|Win32
		{B543EA0C-BA9D-3899-90C8-C835C899DCB7}.Release|Win32.ActiveCfg = Release|Win32
		{B543EA0C-BA9D-3899-90C8-C835C899DCB7}.Release|Win32.Build.0 = Release|Win32
		{B543EA0C-BA9D-3899-90C8-C835C899DCB7}.MinSizeRel|Win32.ActiveCfg = MinSizeRel|Win32
		{B543EA0C-BA9D-3899-90C8-C835C899DCB7}.MinSizeRel|Win32.Build.0 = MinSizeRel|Win32
		{B543EA0C-BA9D-3899-90C8-C835C899DCB7}.RelWithDebInfo|Win32.ActiveCfg = RelWithDebInfo|Win32
		{B543EA0C-BA9D-3899-90C8-C835C899DCB7}.RelWithDebInfo|Win32.Build.0 = RelWithDebInfo|Win32
		{743F28BB-D0CA-3A41-AC06-3192D8BA7CA7}.Debug|Win32.ActiveCfg = Debug|Win32
		{743F28BB-D0CA-3A41-AC06-3192D8BA7CA7}.Debug|Win32.Build.0 = Debug|Win32
		{743F28BB-D0CA-3A41-AC06-3192D8BA7CA7}.Release|Win32.ActiveCfg = Release|Win32
		{743F28BB-D0CA-3A41-AC06-3192D8BA7CA7}.Release|Win32.Build.0 = Release|Win32
		{743F28BB-D0CA-3A41-AC06-3192D8BA7CA7}.MinSizeRel|Win32.ActiveCfg = MinSizeRel|Win32
		{743F28BB-D0CA-3A41-AC06-3192D8BA7CA7}.MinSizeRel|Win32.Build.0 = MinSizeRel|Win32
		{743F28BB-D0CA-3A41-AC06-3192D8BA7CA7}.RelWithDebInfo|Win32.ActiveCfg = RelWithDebInfo|Win32
		{743F28BB-D0CA-3A41-AC06-3192D8BA7CA7}.RelWithDebInfo|Win32.Build.0 = RelWithDebInfo|Win32
		{FF638699-CF0C-3E00-A7AE-BE36F064CD4C}.Debug|Win32.ActiveCfg = Debug|Win32
		{FF638699-CF0C-3E00-A7AE-BE36F064CD4C}.Debug|Win32.Build.0 = Debug|Win32
		{FF638699-CF0C-3E00-A7AE-BE36F064CD4C}.Release|Win32.ActiveCfg = Release|Win32
		{FF638699-CF0C-3E00-A7AE-BE36F064CD4C}.Release|Win32.Build.0 = Release|Win32
		{FF638699-CF0C-3E00-A7AE-BE36F064CD4C}.MinSizeRel|Win32.ActiveCfg = MinSizeRel|Win32
		{FF638699-CF0C-3E00-A7AE-BE36F064CD4C}.MinSizeRel|Win32.Build.0 = MinSizeRel|Win32
		{FF638699-CF0C-3E00-A7AE-BE36F064CD4C}.RelWithDebInfo|Win32.ActiveCfg = RelWithDebInfo|Win32
		{FF638699-CF0C-3E00-A7AE-BE36F064CD4C}.RelWithDebInfo|Win32.Build.0 = RelWithDebInfo|Win32
		{8A9369E3-3779-3546-8EFC-BFE4DD700606}.Debug|Win32.ActiveCfg = Debug|Win32
		{8A9369E3-3779-3546-8EFC-BFE4DD700606}.Debug|Win32.Build.0 = Debug|Win32
		{8A9369E3-3779-3546-8EFC-BFE4DD700606}.Release|Win32.ActiveCfg = Release|Win32
		{8A9369E3-3779-3546-8EFC-BFE4DD700606}.Release|Win32.Build.0 = Release|Win32
		{8A9369E3-3779-3546-8EFC-BFE4DD700606}.MinSizeRel|Win32.ActiveCfg = MinSizeRel|Win32
		{8A9369E3-3779-3546-8EFC-BFE4DD700606}.MinSizeRel|Win32.Build.0 = MinSizeRel|Win32
		{8A9369E3-3779-3546-8EFC-BFE4DD700606}.RelWithDebInfo|Win32.ActiveCfg = RelWithDebInfo|Win32
		{8A9369E3-3779-3546-8EFC-BFE4DD700606}.RelWithDebInfo|Win32.Build.0 = RelWithDebInfo|Win32
		{DBDBACE4-BAAC-3DDF-9B7B-EF783201DEBD}.Debug|Win32.ActiveCfg = Debug|Win32
		{DBDBACE4-BAAC-3DDF-9B7B-EF783201DEBD}.Debug|Win32.Build.0 = Debug|Win32
		{DBDBACE4-BAAC-3DDF-9B7B-EF783201DEBD}.Release|Win32.ActiveCfg = Release|Win32
		{DBDBACE4-BAAC-3DDF-9B7B-EF783201DEBD}.Release|Win32.Build.0 = Release|Win32
		{DBDBACE4-BAAC-3DDF-9B7B-EF783201DEBD}.MinSizeRel|Win32.ActiveCfg = MinSizeRel|Win32
		{DBDBACE4-BAAC-3DDF-9B7B-EF783201DEBD}.MinSizeRel|Win32.Build.0 = MinSizeRel|Win32
		{DBDBACE4-BAAC-3DDF-9B7B-EF783201DEBD}.RelWithDebInfo|Win32.ActiveCfg = RelWithDebInfo|Win32
		{DBDBACE4-BAAC-3DDF-9B7B-EF783201DEBD}.RelWithDebInfo|Win32.Build.0 = RelWithDebInfo|Win32
		{9BA66E6A-DD2A-3A4D-9C8C-E49A5C67C530}.Debug|Win32.ActiveCfg = Debug|Win32
		{9BA66E6A-DD2A-3A4D-9C8C-E49A5C67C530}.Debug|Win32.Build.0 = Debug|Win32
		{9BA66E6A-DD2A-3A4D-9C8C-E49A5C67C530}.Release|Win32.ActiveCfg = Release|Win32
		{9BA66E6A-DD2A-3A4D-9C8C-E49A5C67C530}.Release|Win32.Build.0 = Release|Win32
		{9BA66E6A-DD2A-3A4D-9C8C-E49A5C67C530}.MinSizeRel|Win32.ActiveCfg = MinSizeRel|Win32
		{9BA66E6A-DD2A-3A4D-9C8C-E49A5C67C530}.MinSizeRel|Win32.Build.0 = MinSizeRel|Win32
		{9BA66E6A-DD2A-3A4D-9C8C-E49A5C67C530}.RelWithDebInfo|Win32.ActiveCfg = RelWithDebInfo|Win32
		{9BA66E6A-DD2A-3A4D-9C8C-E49A5C67C530}.RelWithDebInfo|Win32.Build.0 = RelWithDebInfo|Win32
		{556C9E5A-ED13-3402-817A-D208D255489A}.Debug|Win32.ActiveCfg = Debug|Win32
		{556C9E5A-ED13-3402-817A-D208D255489A}.Debug|Win32.Build.0 = Debug|Win32
		{556C9E5A-ED13-3402-817A-D208D255489A}.Release|Win32.ActiveCfg = Release|Win32
		{556C9E5A-ED13-3402-817A-D208D255489A}.Release|Win32.Build.0 = Release|Win32
		{556C9E5A-ED13-3402-817A-D208D255489A}.MinSizeRel|Win32.ActiveCfg = MinSizeRel|Win32
		{556C9E5A-ED13-3402-817A-D208D255489A}.MinSizeRel|Win32.Build.0 = MinSizeRel|Win32
		{556C9E5A-ED13-3402-817A-D208D255489A}.RelWithDebInfo|Win32.ActiveCfg = RelWithDebInfo|Win32
		{556C9E5A-ED13-3402-817A-D208D255489A}.RelWithDebInfo|Win32.Build.0 = RelWithDebInfo|Win32
		{5406470A-F566-3A20-A44E-1BC36E15C8EF}.Debug|Win32.ActiveCfg = Debug|Win32
		{5406470A-F566-3A20-A44E-1BC36E15C8EF}.Debug|Win32.Build.0 = Debug|Win32
		{5406470A-F566-3A20-A44E-1BC36E15C8EF}.Release|Win32.ActiveCfg = Release|Win32
		{5406470A-F566-3A20-A44E-1BC36E15C8EF}.Release|Win32.Build.0 = Release|Win32
		{5406470A-F566-3A20-A44E-1BC36E15C8EF}.MinSizeRel|Win32.ActiveCfg = MinSizeRel|Win32
		{5406470A-F566-3A20-A44E-1BC36E15C8EF}.MinSizeRel|Win32.Build.0 = MinSizeRel|Win32
		{5406470A-F566-3A20-A44E-1BC36E15C8EF}.RelWithDebInfo|Win32.ActiveCfg = RelWithDebInfo|Win32
		{5406470A-F566-3A20-A44E-1BC36E15C8EF}.RelWithDebInfo|Win32.Build.0 = RelWithDebInfo|Win32
		{5C5DEDF3-CDE1-3386-B3BF-BC989321FE0A}.Debug|Win32.ActiveCfg = Debug|Win32
		{5C5DEDF3-CDE1-3386-B3BF-BC989321FE0A}.Debug|Win32.Build.0 = Debug|Win32
		{5C5DEDF3-CDE1-3386-B3BF-BC989321FE0A}.Release|Win32.ActiveCfg = Release|Win32
		{5C5DEDF3-CDE1-3386-B3BF-BC989321FE0A}.Release|Win32.Build.0 = Release|Win32
		{5C5DEDF3-CDE1-3386-B3BF-BC989321FE0A}.MinSizeRel|Win32.ActiveCfg = MinSizeRel|Win32
		{5C5DEDF3-CDE1-3386-B3BF-BC989321FE0A}.MinSizeRel|Win32.Build.0 = MinSizeRel|Win32
		{5C5DEDF3-CDE1-3386-B3BF-BC989321FE0A}.RelWithDebInfo|Win32.ActiveCfg = RelWithDebInfo|Win32
		{5C5DEDF3-CDE1-3386-B3BF-BC989321FE0A}.RelWithDebInfo|Win32.Build.0 = RelWithDebInfo|Win32
		{5E79012D-9071-3610-B3EB-29E7FE00DCAB}.Debug|Win32.ActiveCfg = Debug|Win32
		{5E79012D-9071-3610-B3EB-29E7FE00DCAB}.Debug|Win32.Build.0 = Debug|Win32
		{5E79012D-9071-3610-B3EB-29E7FE00DCAB}.Release|Win32.ActiveCfg = Release|Win32
		{5E79012D-9071-3610-B3EB-29E7FE00DCAB}.Release|Win32.Build.0 = Release|Win32
		{5E79012D-9071-3610-B3EB-29E7FE00DCAB}.MinSizeRel|Win32.ActiveCfg = MinSizeRel|Win32
		{5E79012D-9071-3610-B3EB-29E7FE00DCAB}.MinSizeRel|Win32.Build.0 = MinSizeRel|Win32
		{5E79012D-9071-3610-B3EB-29E7FE00DCAB}.RelWithDebInfo|Win32.ActiveCfg = RelWithDebInfo|Win32
		{5E79012D-9071-3610-B3EB-29E7FE00DCAB}.RelWithDebInfo|Win32.Build.0 = RelWithDebInfo|Win32
		{63A826FD-A873-3879-9794-36DB335D8605}.Debug|Win32.ActiveCfg = Debug|Win32
		{63A826FD-A873-3879-9794-36DB335D8605}.Debug|Win32.Build.0 = Debug|Win32
		{63A826FD-A873-3879-9794-36DB335D8605}.Release|Win32.ActiveCfg = Release|Win32
		{63A826FD-A873-3879-9794-36DB335D8605}.Release|Win32.Build.0 = Release|Win32
		{63A826FD-A873-3879-9794-36DB335D8605}.MinSizeRel|Win32.ActiveCfg = MinSizeRel|Win32
		{63A826FD-A873-3879-9794-36DB335D8605}.MinSizeRel|Win32.Build.0 = MinSizeRel|Win32
		{63A826FD-A873-3879-9794-36DB335D8605}.RelWithDebInfo|Win32.ActiveCfg = RelWithDebInfo|Win32
		{63A826FD-A873-3879-9794-36DB335D8605}.RelWithDebInfo|Win32.Build.0 = RelWithDebInfo|Win32
	EndGlobalSection
	GlobalSection(ExtensibilityGlobals) = postSolution
	EndGlobalSection
	GlobalSection(ExtensibilityAddIns) = postSolution
	EndGlobalSection
EndGlobal
