Microsoft Visual Studio Solution File, Format Version 12.00
# Visual Studio 2013
Project("{8BC9CEB8-8B4A-11D0-8D11-00A0C91BC942}") = "ALL_BUILD", "ALL_BUILD.vcxproj", "{6D256639-71DD-37CF-8799-DC09D7C0A748}"
	ProjectSection(ProjectDependencies) = postProject
		{E9F1E5DC-7D99-3615-B4C6-15ED1EF4E4F7} = {E9F1E5DC-7D99-3615-B4C6-15ED1EF4E4F7}
		{E0910DE1-C1F7-33D0-BCE4-EFE82248AC8A} = {E0910DE1-C1F7-33D0-BCE4-EFE82248AC8A}
	EndProjectSection
EndProject
Project("{8BC9CEB8-8B4A-11D0-8D11-00A0C91BC942}") = "ZERO_CHECK", "ZERO_CHECK.vcxproj", "{E9F1E5DC-7D99-3615-B4C6-15ED1EF4E4F7}"
	ProjectSection(ProjectDependencies) = postProject
	EndProjectSection
EndProject
Project("{8BC9CEB8-8B4A-11D0-8D11-00A0C91BC942}") = "leptonica", "src\leptonica.vcxproj", "{E0910DE1-C1F7-33D0-BCE4-EFE82248AC8A}"
	ProjectSection(ProjectDependencies) = postProject
		{E9F1E5DC-7D99-3615-B4C6-15ED1EF4E4F7} = {E9F1E5DC-7D99-3615-B4C6-15ED1EF4E4F7}
	EndProjectSection
EndProject
Project("{2150E333-8FDC-42A3-9474-1A3956D46DE8}") = "CMake Targets", "CMake Targets", "{7DBE5C03-D540-33F8-98A3-8567031C94AD}"
EndProject
Global
	GlobalSection(SolutionConfigurationPlatforms) = preSolution
		Debug|Win32 = Debug|Win32
		Release|Win32 = Release|Win32
		MinSizeRel|Win32 = MinSizeRel|Win32
		RelWithDebInfo|Win32 = RelWithDebInfo|Win32
	EndGlobalSection
	GlobalSection(ProjectConfigurationPlatforms) = postSolution
		{6D256639-71DD-37CF-8799-DC09D7C0A748}.Debug|Win32.ActiveCfg = Debug|Win32
		{6D256639-71DD-37CF-8799-DC09D7C0A748}.Release|Win32.ActiveCfg = Release|Win32
		{6D256639-71DD-37CF-8799-DC09D7C0A748}.MinSizeRel|Win32.ActiveCfg = MinSizeRel|Win32
		{6D256639-71DD-37CF-8799-DC09D7C0A748}.RelWithDebInfo|Win32.ActiveCfg = RelWithDebInfo|Win32
		{E9F1E5DC-7D99-3615-B4C6-15ED1EF4E4F7}.Debug|Win32.ActiveCfg = Debug|Win32
		{E9F1E5DC-7D99-3615-B4C6-15ED1EF4E4F7}.Debug|Win32.Build.0 = Debug|Win32
		{E9F1E5DC-7D99-3615-B4C6-15ED1EF4E4F7}.Release|Win32.ActiveCfg = Release|Win32
		{E9F1E5DC-7D99-3615-B4C6-15ED1EF4E4F7}.Release|Win32.Build.0 = Release|Win32
		{E9F1E5DC-7D99-3615-B4C6-15ED1EF4E4F7}.MinSizeRel|Win32.ActiveCfg = MinSizeRel|Win32
		{E9F1E5DC-7D99-3615-B4C6-15ED1EF4E4F7}.MinSizeRel|Win32.Build.0 = MinSizeRel|Win32
		{E9F1E5DC-7D99-3615-B4C6-15ED1EF4E4F7}.RelWithDebInfo|Win32.ActiveCfg = RelWithDebInfo|Win32
		{E9F1E5DC-7D99-3615-B4C6-15ED1EF4E4F7}.RelWithDebInfo|Win32.Build.0 = RelWithDebInfo|Win32
		{E0910DE1-C1F7-33D0-BCE4-EFE82248AC8A}.Debug|Win32.ActiveCfg = Debug|Win32
		{E0910DE1-C1F7-33D0-BCE4-EFE82248AC8A}.Debug|Win32.Build.0 = Debug|Win32
		{E0910DE1-C1F7-33D0-BCE4-EFE82248AC8A}.Release|Win32.ActiveCfg = Release|Win32
		{E0910DE1-C1F7-33D0-BCE4-EFE82248AC8A}.Release|Win32.Build.0 = Release|Win32
		{E0910DE1-C1F7-33D0-BCE4-EFE82248AC8A}.MinSizeRel|Win32.ActiveCfg = MinSizeRel|Win32
		{E0910DE1-C1F7-33D0-BCE4-EFE82248AC8A}.MinSizeRel|Win32.Build.0 = MinSizeRel|Win32
		{E0910DE1-C1F7-33D0-BCE4-EFE82248AC8A}.RelWithDebInfo|Win32.ActiveCfg = RelWithDebInfo|Win32
		{E0910DE1-C1F7-33D0-BCE4-EFE82248AC8A}.RelWithDebInfo|Win32.Build.0 = RelWithDebInfo|Win32
	EndGlobalSection
	GlobalSection(NestedProjects) = preSolution
		{E9F1E5DC-7D99-3615-B4C6-15ED1EF4E4F7} = {7DBE5C03-D540-33F8-98A3-8567031C94AD}
	EndGlobalSection
	GlobalSection(ExtensibilityGlobals) = postSolution
	EndGlobalSection
	GlobalSection(ExtensibilityAddIns) = postSolution
	EndGlobalSection
EndGlobal
